
Microsoft Visual Studio Solution File, Format Version 12.00
# Visual Studio 2015
Project("{FAE04EC0-301F-11D3-BF4B-00C04F79EFBC}") = "Hanu_Game", "Hanu_Game.csproj", "{5BE5798D-CD66-EE3B-F755-D81BD248F3CF}"
EndProject
Project("{FAE04EC0-301F-11D3-BF4B-00C04F79EFBC}") = "Hanu_Game.Editor", "Hanu_Game.Editor.csproj", "{3A66B7B4-AD0B-F544-32BE-DF58021531B3}"
EndProject
Global
	GlobalSection(SolutionConfigurationPlatforms) = preSolution
		Debug|Any CPU = Debug|Any CPU
		Release|Any CPU = Release|Any CPU
	EndGlobalSection
	GlobalSection(ProjectConfigurationPlatforms) = postSolution
		{5BE5798D-CD66-EE3B-F755-D81BD248F3CF}.Debug|Any CPU.ActiveCfg = Debug|Any CPU
		{5BE5798D-CD66-EE3B-F755-D81BD248F3CF}.Debug|Any CPU.Build.0 = Debug|Any CPU
		{5BE5798D-CD66-EE3B-F755-D81BD248F3CF}.Release|Any CPU.ActiveCfg = Release|Any CPU
		{5BE5798D-CD66-EE3B-F755-D81BD248F3CF}.Release|Any CPU.Build.0 = Release|Any CPU
		{3A66B7B4-AD0B-F544-32BE-DF58021531B3}.Debug|Any CPU.ActiveCfg = Debug|Any CPU
		{3A66B7B4-AD0B-F544-32BE-DF58021531B3}.Debug|Any CPU.Build.0 = Debug|Any CPU
		{3A66B7B4-AD0B-F544-32BE-DF58021531B3}.Release|Any CPU.ActiveCfg = Release|Any CPU
		{3A66B7B4-AD0B-F544-32BE-DF58021531B3}.Release|Any CPU.Build.0 = Release|Any CPU
	EndGlobalSection
	GlobalSection(SolutionProperties) = preSolution
		HideSolutionNode = FALSE
	EndGlobalSection
EndGlobal
